# This file is automatically @generated by Cargo.
# It is not intended for manual editing.
[[package]]
name = "anyhow"
version = "1.0.34"
source = "registry+https://github.com/rust-lang/crates.io-index"
checksum = "bf8dcb5b4bbaa28653b647d8c77bd4ed40183b48882e130c1f1ffb73de069fd7"

[[package]]
name = "memory-rs"
version = "0.1.4"
source = "git+https://github.com/etra0/memory-rs#9ae4c739111f14ca30b6405d9747fd6a95958834"
dependencies = [
 "anyhow",
 "winapi",
]

[[package]]
name = "rtti-dumper"
version = "0.1.0"
dependencies = [
 "memory-rs",
 "simple_injector",
 "winapi",
]

[[package]]
name = "simple_injector"
version = "0.1.0"
source = "git+https://github.com/etra0/simple_injector#dd41bed1598912adc9b3c1d2118182313bf62b9b"
dependencies = [
 "memory-rs",
 "winapi",
]

[[package]]
name = "winapi"
version = "0.3.9"
source = "registry+https://github.com/rust-lang/crates.io-index"
checksum = "5c839a674fcd7a98952e593242ea400abe93992746761e38641405d28b00f419"
dependencies = [
 "winapi-i686-pc-windows-gnu",
 "winapi-x86_64-pc-windows-gnu",
]

[[package]]
name = "winapi-i686-pc-windows-gnu"
version = "0.4.0"
source = "registry+https://github.com/rust-lang/crates.io-index"
checksum = "ac3b87c63620426dd9b991e5ce0329eff545bccbbb34f3be09ff6fb6ab51b7b6"

[[package]]
name = "winapi-x86_64-pc-windows-gnu"
version = "0.4.0"
source = "registry+https://github.com/rust-lang/crates.io-index"
checksum = "712e227841d057c1ee1cd2fb22fa7e5a5461ae8e48fa2ca79ec42cfc1931183f"
